
Microsoft Visual Studio Solution File, Format Version 12.00
# Visual Studio Version 17
VisualStudioVersion = 17.3.32825.248
MinimumVisualStudioVersion = 10.0.40219.1
Project("{FAE04EC0-301F-11D3-BF4B-00C04F79EFBC}") = "StD_Player_3", "StD_Player_3\StD_Player_3.csproj", "{5E74329B-AA11-4C0E-B8BF-D51C717F28D1}"
	ProjectSection(ProjectDependencies) = postProject
		{44D4953C-E6EC-4454-A2C7-EF7DD8C72A1D} = {44D4953C-E6EC-4454-A2C7-EF7DD8C72A1D}
	EndProjectSection
EndProject
Project("{FAE04EC0-301F-11D3-BF4B-00C04F79EFBC}") = "Editor", "Editor\Editor.csproj", "{44D4953C-E6EC-4454-A2C7-EF7DD8C72A1D}"
EndProject
Project("{FAE04EC0-301F-11D3-BF4B-00C04F79EFBC}") = "SQLiteControl", "SQLiteControl\SQLiteControl.csproj", "{146EEC18-A3CB-46E9-9D2C-B3DF4FB44009}"
EndProject
Global
	GlobalSection(SolutionConfigurationPlatforms) = preSolution
		Debug|Any CPU = Debug|Any CPU
		Release|Any CPU = Release|Any CPU
	EndGlobalSection
	GlobalSection(ProjectConfigurationPlatforms) = postSolution
		{5E74329B-AA11-4C0E-B8BF-D51C717F28D1}.Debug|Any CPU.ActiveCfg = Debug|Any CPU
		{5E74329B-AA11-4C0E-B8BF-D51C717F28D1}.Debug|Any CPU.Build.0 = Debug|Any CPU
		{5E74329B-AA11-4C0E-B8BF-D51C717F28D1}.Release|Any CPU.ActiveCfg = Release|Any CPU
		{5E74329B-AA11-4C0E-B8BF-D51C717F28D1}.Release|Any CPU.Build.0 = Release|Any CPU
		{44D4953C-E6EC-4454-A2C7-EF7DD8C72A1D}.Debug|Any CPU.ActiveCfg = Debug|Any CPU
		{44D4953C-E6EC-4454-A2C7-EF7DD8C72A1D}.Debug|Any CPU.Build.0 = Debug|Any CPU
		{44D4953C-E6EC-4454-A2C7-EF7DD8C72A1D}.Release|Any CPU.ActiveCfg = Release|Any CPU
		{44D4953C-E6EC-4454-A2C7-EF7DD8C72A1D}.Release|Any CPU.Build.0 = Release|Any CPU
		{146EEC18-A3CB-46E9-9D2C-B3DF4FB44009}.Debug|Any CPU.ActiveCfg = Debug|Any CPU
		{146EEC18-A3CB-46E9-9D2C-B3DF4FB44009}.Debug|Any CPU.Build.0 = Debug|Any CPU
		{146EEC18-A3CB-46E9-9D2C-B3DF4FB44009}.Release|Any CPU.ActiveCfg = Release|Any CPU
		{146EEC18-A3CB-46E9-9D2C-B3DF4FB44009}.Release|Any CPU.Build.0 = Release|Any CPU
	EndGlobalSection
	GlobalSection(SolutionProperties) = preSolution
		HideSolutionNode = FALSE
	EndGlobalSection
	GlobalSection(ExtensibilityGlobals) = postSolution
		SolutionGuid = {8CFBD58D-2B98-4B0F-9579-7902D39CB5E8}
	EndGlobalSection
EndGlobal
