
Microsoft Visual Studio Solution File, Format Version 12.00
# Visual Studio 15
VisualStudioVersion = 15.0.26403.0
MinimumVisualStudioVersion = 10.0.40219.1
Project("{FAE04EC0-301F-11D3-BF4B-00C04F79EFBC}") = "StD_Player_3", "StD_Player_3\StD_Player_3.csproj", "{5E74329B-AA11-4C0E-B8BF-D51C717F28D1}"
	ProjectSection(ProjectDependencies) = postProject
		{44D4953C-E6EC-4454-A2C7-EF7DD8C72A1D} = {44D4953C-E6EC-4454-A2C7-EF7DD8C72A1D}
	EndProjectSection
EndProject
Project("{FAE04EC0-301F-11D3-BF4B-00C04F79EFBC}") = "Launcher", "Launcher\Launcher.csproj", "{6987D2B1-679B-4DFA-927E-D2B3C0E0B14A}"
EndProject
Project("{FAE04EC0-301F-11D3-BF4B-00C04F79EFBC}") = "SoundCardTest", "SoundCardTest\SoundCardTest.csproj", "{B7A1B294-9E65-4F86-A2C3-98EC25CD9574}"
EndProject
Project("{FAE04EC0-301F-11D3-BF4B-00C04F79EFBC}") = "Editor", "Editor\Editor.csproj", "{44D4953C-E6EC-4454-A2C7-EF7DD8C72A1D}"
EndProject
Project("{FAE04EC0-301F-11D3-BF4B-00C04F79EFBC}") = "SQLiteControl", "SQLiteControl\SQLiteControl.csproj", "{146EEC18-A3CB-46E9-9D2C-B3DF4FB44009}"
EndProject
Project("{54435603-DBB4-11D2-8724-00A0C9A8B90C}") = "StD_Player_Installer", "StD_Player_Installer\StD_Player_Installer.vdproj", "{BAD9FF99-B39D-4FB3-B721-87009F83B19E}"
EndProject
Project("{54435603-DBB4-11D2-8724-00A0C9A8B90C}") = "StD_Player (with Music)", "StD_Player (with Music)\StD_Player (with Music).vdproj", "{E2484F52-D0A1-4E4D-83AA-51063DDCEA85}"
EndProject
Global
	GlobalSection(SolutionConfigurationPlatforms) = preSolution
		Debug|Any CPU = Debug|Any CPU
		Release|Any CPU = Release|Any CPU
	EndGlobalSection
	GlobalSection(ProjectConfigurationPlatforms) = postSolution
		{5E74329B-AA11-4C0E-B8BF-D51C717F28D1}.Debug|Any CPU.ActiveCfg = Debug|Any CPU
		{5E74329B-AA11-4C0E-B8BF-D51C717F28D1}.Debug|Any CPU.Build.0 = Debug|Any CPU
		{5E74329B-AA11-4C0E-B8BF-D51C717F28D1}.Release|Any CPU.ActiveCfg = Release|Any CPU
		{5E74329B-AA11-4C0E-B8BF-D51C717F28D1}.Release|Any CPU.Build.0 = Release|Any CPU
		{6987D2B1-679B-4DFA-927E-D2B3C0E0B14A}.Debug|Any CPU.ActiveCfg = Debug|Any CPU
		{6987D2B1-679B-4DFA-927E-D2B3C0E0B14A}.Debug|Any CPU.Build.0 = Debug|Any CPU
		{6987D2B1-679B-4DFA-927E-D2B3C0E0B14A}.Release|Any CPU.ActiveCfg = Release|Any CPU
		{6987D2B1-679B-4DFA-927E-D2B3C0E0B14A}.Release|Any CPU.Build.0 = Release|Any CPU
		{B7A1B294-9E65-4F86-A2C3-98EC25CD9574}.Debug|Any CPU.ActiveCfg = Debug|Any CPU
		{B7A1B294-9E65-4F86-A2C3-98EC25CD9574}.Debug|Any CPU.Build.0 = Debug|Any CPU
		{B7A1B294-9E65-4F86-A2C3-98EC25CD9574}.Release|Any CPU.ActiveCfg = Release|Any CPU
		{B7A1B294-9E65-4F86-A2C3-98EC25CD9574}.Release|Any CPU.Build.0 = Release|Any CPU
		{44D4953C-E6EC-4454-A2C7-EF7DD8C72A1D}.Debug|Any CPU.ActiveCfg = Debug|Any CPU
		{44D4953C-E6EC-4454-A2C7-EF7DD8C72A1D}.Debug|Any CPU.Build.0 = Debug|Any CPU
		{44D4953C-E6EC-4454-A2C7-EF7DD8C72A1D}.Release|Any CPU.ActiveCfg = Release|Any CPU
		{44D4953C-E6EC-4454-A2C7-EF7DD8C72A1D}.Release|Any CPU.Build.0 = Release|Any CPU
		{146EEC18-A3CB-46E9-9D2C-B3DF4FB44009}.Debug|Any CPU.ActiveCfg = Debug|Any CPU
		{146EEC18-A3CB-46E9-9D2C-B3DF4FB44009}.Debug|Any CPU.Build.0 = Debug|Any CPU
		{146EEC18-A3CB-46E9-9D2C-B3DF4FB44009}.Release|Any CPU.ActiveCfg = Release|Any CPU
		{146EEC18-A3CB-46E9-9D2C-B3DF4FB44009}.Release|Any CPU.Build.0 = Release|Any CPU
		{BAD9FF99-B39D-4FB3-B721-87009F83B19E}.Debug|Any CPU.ActiveCfg = Debug
		{BAD9FF99-B39D-4FB3-B721-87009F83B19E}.Release|Any CPU.ActiveCfg = Release
		{E2484F52-D0A1-4E4D-83AA-51063DDCEA85}.Debug|Any CPU.ActiveCfg = Debug
		{E2484F52-D0A1-4E4D-83AA-51063DDCEA85}.Release|Any CPU.ActiveCfg = Release
	EndGlobalSection
	GlobalSection(SolutionProperties) = preSolution
		HideSolutionNode = FALSE
	EndGlobalSection
	GlobalSection(ExtensibilityGlobals) = postSolution
		SolutionGuid = {8CFBD58D-2B98-4B0F-9579-7902D39CB5E8}
	EndGlobalSection
EndGlobal
